// !$*UTF8*$!
{
	archiveVersion = 1;
	classes = {
	};
	objectVersion = 46;
	objects = {

/* Begin PBXBuildFile section */
		07E5E365191D8BB100B4E821 /* FPViewController.m in Sources */ = {isa = PBXBuildFile; fileRef = 07E5E364191D8BB100B4E821 /* FPViewController.m */; };
		07E5E369191D8BDA00B4E821 /* FPTile.m in Sources */ = {isa = PBXBuildFile; fileRef = 07E5E368191D8BDA00B4E821 /* FPTile.m */; };
		89AD4F96191B723F00E955AC /* Foundation.framework in Frameworks */ = {isa = PBXBuildFile; fileRef = 89AD4F95191B723F00E955AC /* Foundation.framework */; };
		89AD4F98191B723F00E955AC /* CoreGraphics.framework in Frameworks */ = {isa = PBXBuildFile; fileRef = 89AD4F97191B723F00E955AC /* CoreGraphics.framework */; };
		89AD4F9A191B723F00E955AC /* UIKit.framework in Frameworks */ = {isa = PBXBuildFile; fileRef = 89AD4F99191B723F00E955AC /* UIKit.framework */; };
		89AD4FA0191B723F00E955AC /* InfoPlist.strings in Resources */ = {isa = PBXBuildFile; fileRef = 89AD4F9E191B723F00E955AC /* InfoPlist.strings */; };
		89AD4FA2191B723F00E955AC /* main.m in Sources */ = {isa = PBXBuildFile; fileRef = 89AD4FA1191B723F00E955AC /* main.m */; };
		89AD4FA6191B723F00E955AC /* FPAppDelegate.m in Sources */ = {isa = PBXBuildFile; fileRef = 89AD4FA5191B723F00E955AC /* FPAppDelegate.m */; };
		89AD4FA9191B723F00E955AC /* Main.storyboard in Resources */ = {isa = PBXBuildFile; fileRef = 89AD4FA7191B723F00E955AC /* Main.storyboard */; };
		89AD4FAE191B723F00E955AC /* Images.xcassets in Resources */ = {isa = PBXBuildFile; fileRef = 89AD4FAD191B723F00E955AC /* Images.xcassets */; };
		89AD4FB5191B723F00E955AC /* XCTest.framework in Frameworks */ = {isa = PBXBuildFile; fileRef = 89AD4FB4191B723F00E955AC /* XCTest.framework */; };
		89AD4FB6191B723F00E955AC /* Foundation.framework in Frameworks */ = {isa = PBXBuildFile; fileRef = 89AD4F95191B723F00E955AC /* Foundation.framework */; };
		89AD4FB7191B723F00E955AC /* UIKit.framework in Frameworks */ = {isa = PBXBuildFile; fileRef = 89AD4F99191B723F00E955AC /* UIKit.framework */; };
		89AD4FBF191B723F00E955AC /* InfoPlist.strings in Resources */ = {isa = PBXBuildFile; fileRef = 89AD4FBD191B723F00E955AC /* InfoPlist.strings */; };
		89AD4FC1191B723F00E955AC /* _5PuzzleTests.m in Sources */ = {isa = PBXBuildFile; fileRef = 89AD4FC0191B723F00E955AC /* _5PuzzleTests.m */; };
		89F230A9191D425A00A02D5A /* FPPuzzleIndex.m in Sources */ = {isa = PBXBuildFile; fileRef = 89F230A8191D425A00A02D5A /* FPPuzzleIndex.m */; };
/* End PBXBuildFile section */

/* Begin PBXContainerItemProxy section */
		89AD4FB8191B723F00E955AC /* PBXContainerItemProxy */ = {
			isa = PBXContainerItemProxy;
			containerPortal = 89AD4F8A191B723F00E955AC /* Project object */;
			proxyType = 1;
			remoteGlobalIDString = 89AD4F91191B723F00E955AC;
			remoteInfo = 15Puzzle;
		};
/* End PBXContainerItemProxy section */

/* Begin PBXFileReference section */
		07E5E363191D8BB100B4E821 /* FPViewController.h */ = {isa = PBXFileReference; fileEncoding = 4; lastKnownFileType = sourcecode.c.h; name = FPViewController.h; path = 15Puzzle/Controllers/FPViewController.h; sourceTree = SOURCE_ROOT; };
		07E5E364191D8BB100B4E821 /* FPViewController.m */ = {isa = PBXFileReference; fileEncoding = 4; lastKnownFileType = sourcecode.c.objc; name = FPViewController.m; path = 15Puzzle/Controllers/FPViewController.m; sourceTree = SOURCE_ROOT; };
		07E5E367191D8BDA00B4E821 /* FPTile.h */ = {isa = PBXFileReference; fileEncoding = 4; lastKnownFileType = sourcecode.c.h; path = FPTile.h; sourceTree = "<group>"; };
		07E5E368191D8BDA00B4E821 /* FPTile.m */ = {isa = PBXFileReference; fileEncoding = 4; lastKnownFileType = sourcecode.c.objc; path = FPTile.m; sourceTree = "<group>"; };
		89AD4F92191B723F00E955AC /* 15Puzzle.app */ = {isa = PBXFileReference; explicitFileType = wrapper.application; includeInIndex = 0; path = 15Puzzle.app; sourceTree = BUILT_PRODUCTS_DIR; };
		89AD4F95191B723F00E955AC /* Foundation.framework */ = {isa = PBXFileReference; lastKnownFileType = wrapper.framework; name = Foundation.framework; path = System/Library/Frameworks/Foundation.framework; sourceTree = SDKROOT; };
		89AD4F97191B723F00E955AC /* CoreGraphics.framework */ = {isa = PBXFileReference; lastKnownFileType = wrapper.framework; name = CoreGraphics.framework; path = System/Library/Frameworks/CoreGraphics.framework; sourceTree = SDKROOT; };
		89AD4F99191B723F00E955AC /* UIKit.framework */ = {isa = PBXFileReference; lastKnownFileType = wrapper.framework; name = UIKit.framework; path = System/Library/Frameworks/UIKit.framework; sourceTree = SDKROOT; };
		89AD4F9D191B723F00E955AC /* 15Puzzle-Info.plist */ = {isa = PBXFileReference; lastKnownFileType = text.plist.xml; path = "15Puzzle-Info.plist"; sourceTree = "<group>"; };
		89AD4F9F191B723F00E955AC /* en */ = {isa = PBXFileReference; lastKnownFileType = text.plist.strings; name = en; path = en.lproj/InfoPlist.strings; sourceTree = "<group>"; };
		89AD4FA1191B723F00E955AC /* main.m */ = {isa = PBXFileReference; lastKnownFileType = sourcecode.c.objc; path = main.m; sourceTree = "<group>"; };
		89AD4FA3191B723F00E955AC /* 15Puzzle-Prefix.pch */ = {isa = PBXFileReference; lastKnownFileType = sourcecode.c.h; path = "15Puzzle-Prefix.pch"; sourceTree = "<group>"; };
		89AD4FA4191B723F00E955AC /* FPAppDelegate.h */ = {isa = PBXFileReference; lastKnownFileType = sourcecode.c.h; path = FPAppDelegate.h; sourceTree = "<group>"; };
		89AD4FA5191B723F00E955AC /* FPAppDelegate.m */ = {isa = PBXFileReference; lastKnownFileType = sourcecode.c.objc; path = FPAppDelegate.m; sourceTree = "<group>"; };
		89AD4FA8191B723F00E955AC /* Base */ = {isa = PBXFileReference; lastKnownFileType = file.storyboard; name = Base; path = Base.lproj/Main.storyboard; sourceTree = "<group>"; };
		89AD4FAD191B723F00E955AC /* Images.xcassets */ = {isa = PBXFileReference; lastKnownFileType = folder.assetcatalog; path = Images.xcassets; sourceTree = "<group>"; };
		89AD4FB3191B723F00E955AC /* 15PuzzleTests.xctest */ = {isa = PBXFileReference; explicitFileType = wrapper.cfbundle; includeInIndex = 0; path = 15PuzzleTests.xctest; sourceTree = BUILT_PRODUCTS_DIR; };
		89AD4FB4191B723F00E955AC /* XCTest.framework */ = {isa = PBXFileReference; lastKnownFileType = wrapper.framework; name = XCTest.framework; path = Library/Frameworks/XCTest.framework; sourceTree = DEVELOPER_DIR; };
		89AD4FBC191B723F00E955AC /* 15PuzzleTests-Info.plist */ = {isa = PBXFileReference; lastKnownFileType = text.plist.xml; path = "15PuzzleTests-Info.plist"; sourceTree = "<group>"; };
		89AD4FBE191B723F00E955AC /* en */ = {isa = PBXFileReference; lastKnownFileType = text.plist.strings; name = en; path = en.lproj/InfoPlist.strings; sourceTree = "<group>"; };
		89AD4FC0191B723F00E955AC /* _5PuzzleTests.m */ = {isa = PBXFileReference; lastKnownFileType = sourcecode.c.objc; path = _5PuzzleTests.m; sourceTree = "<group>"; };
		89F230A7191D425A00A02D5A /* FPPuzzleIndex.h */ = {isa = PBXFileReference; fileEncoding = 4; lastKnownFileType = sourcecode.c.h; path = FPPuzzleIndex.h; sourceTree = "<group>"; };
		89F230A8191D425A00A02D5A /* FPPuzzleIndex.m */ = {isa = PBXFileReference; fileEncoding = 4; lastKnownFileType = sourcecode.c.objc; path = FPPuzzleIndex.m; sourceTree = "<group>"; };
/* End PBXFileReference section */

/* Begin PBXFrameworksBuildPhase section */
		89AD4F8F191B723F00E955AC /* Frameworks */ = {
			isa = PBXFrameworksBuildPhase;
			buildActionMask = 2147483647;
			files = (
				89AD4F98191B723F00E955AC /* CoreGraphics.framework in Frameworks */,
				89AD4F9A191B723F00E955AC /* UIKit.framework in Frameworks */,
				89AD4F96191B723F00E955AC /* Foundation.framework in Frameworks */,
			);
			runOnlyForDeploymentPostprocessing = 0;
		};
		89AD4FB0191B723F00E955AC /* Frameworks */ = {
			isa = PBXFrameworksBuildPhase;
			buildActionMask = 2147483647;
			files = (
				89AD4FB5191B723F00E955AC /* XCTest.framework in Frameworks */,
				89AD4FB7191B723F00E955AC /* UIKit.framework in Frameworks */,
				89AD4FB6191B723F00E955AC /* Foundation.framework in Frameworks */,
			);
			runOnlyForDeploymentPostprocessing = 0;
		};
/* End PBXFrameworksBuildPhase section */

/* Begin PBXGroup section */
		07E5E35F191D8B8100B4E821 /* Controller */ = {
			isa = PBXGroup;
			children = (
				07E5E363191D8BB100B4E821 /* FPViewController.h */,
				07E5E364191D8BB100B4E821 /* FPViewController.m */,
			);
			path = Controller;
			sourceTree = "<group>";
		};
		07E5E366191D8BC400B4E821 /* Views */ = {
			isa = PBXGroup;
			children = (
				07E5E367191D8BDA00B4E821 /* FPTile.h */,
				07E5E368191D8BDA00B4E821 /* FPTile.m */,
			);
			path = Views;
			sourceTree = "<group>";
		};
		89AD4F89191B723F00E955AC = {
			isa = PBXGroup;
			children = (
				89AD4F9B191B723F00E955AC /* 15Puzzle */,
				89AD4FBA191B723F00E955AC /* 15PuzzleTests */,
				89AD4F94191B723F00E955AC /* Frameworks */,
				89AD4F93191B723F00E955AC /* Products */,
			);
			sourceTree = "<group>";
		};
		89AD4F93191B723F00E955AC /* Products */ = {
			isa = PBXGroup;
			children = (
				89AD4F92191B723F00E955AC /* 15Puzzle.app */,
				89AD4FB3191B723F00E955AC /* 15PuzzleTests.xctest */,
			);
			name = Products;
			sourceTree = "<group>";
		};
		89AD4F94191B723F00E955AC /* Frameworks */ = {
			isa = PBXGroup;
			children = (
				89AD4F95191B723F00E955AC /* Foundation.framework */,
				89AD4F97191B723F00E955AC /* CoreGraphics.framework */,
				89AD4F99191B723F00E955AC /* UIKit.framework */,
				89AD4FB4191B723F00E955AC /* XCTest.framework */,
			);
			name = Frameworks;
			sourceTree = "<group>";
		};
		89AD4F9B191B723F00E955AC /* 15Puzzle */ = {
			isa = PBXGroup;
			children = (
				07E5E366191D8BC400B4E821 /* Views */,
				07E5E35F191D8B8100B4E821 /* Controller */,
				89F230A6191D424700A02D5A /* Model */,
				89AD4FA4191B723F00E955AC /* FPAppDelegate.h */,
				89AD4FA5191B723F00E955AC /* FPAppDelegate.m */,
				89AD4FA7191B723F00E955AC /* Main.storyboard */,
				89AD4FAD191B723F00E955AC /* Images.xcassets */,
				89AD4F9C191B723F00E955AC /* Supporting Files */,
			);
			path = 15Puzzle;
			sourceTree = "<group>";
		};
		89AD4F9C191B723F00E955AC /* Supporting Files */ = {
			isa = PBXGroup;
			children = (
				89AD4F9D191B723F00E955AC /* 15Puzzle-Info.plist */,
				89AD4F9E191B723F00E955AC /* InfoPlist.strings */,
				89AD4FA1191B723F00E955AC /* main.m */,
				89AD4FA3191B723F00E955AC /* 15Puzzle-Prefix.pch */,
			);
			name = "Supporting Files";
			sourceTree = "<group>";
		};
		89AD4FBA191B723F00E955AC /* 15PuzzleTests */ = {
			isa = PBXGroup;
			children = (
				89AD4FC0191B723F00E955AC /* _5PuzzleTests.m */,
				89AD4FBB191B723F00E955AC /* Supporting Files */,
			);
			path = 15PuzzleTests;
			sourceTree = "<group>";
		};
		89AD4FBB191B723F00E955AC /* Supporting Files */ = {
			isa = PBXGroup;
			children = (
				89AD4FBC191B723F00E955AC /* 15PuzzleTests-Info.plist */,
				89AD4FBD191B723F00E955AC /* InfoPlist.strings */,
			);
			name = "Supporting Files";
			sourceTree = "<group>";
		};
		89F230A6191D424700A02D5A /* Model */ = {
			isa = PBXGroup;
			children = (
				89F230A7191D425A00A02D5A /* FPPuzzleIndex.h */,
				89F230A8191D425A00A02D5A /* FPPuzzleIndex.m */,
			);
			path = Model;
			sourceTree = "<group>";
		};
/* End PBXGroup section */

/* Begin PBXNativeTarget section */
		89AD4F91191B723F00E955AC /* 15Puzzle */ = {
			isa = PBXNativeTarget;
			buildConfigurationList = 89AD4FC4191B723F00E955AC /* Build configuration list for PBXNativeTarget "15Puzzle" */;
			buildPhases = (
				89AD4F8E191B723F00E955AC /* Sources */,
				89AD4F8F191B723F00E955AC /* Frameworks */,
				89AD4F90191B723F00E955AC /* Resources */,
			);
			buildRules = (
			);
			dependencies = (
			);
			name = 15Puzzle;
			productName = 15Puzzle;
			productReference = 89AD4F92191B723F00E955AC /* 15Puzzle.app */;
			productType = "com.apple.product-type.application";
		};
		89AD4FB2191B723F00E955AC /* 15PuzzleTests */ = {
			isa = PBXNativeTarget;
			buildConfigurationList = 89AD4FC7191B723F00E955AC /* Build configuration list for PBXNativeTarget "15PuzzleTests" */;
			buildPhases = (
				89AD4FAF191B723F00E955AC /* Sources */,
				89AD4FB0191B723F00E955AC /* Frameworks */,
				89AD4FB1191B723F00E955AC /* Resources */,
			);
			buildRules = (
			);
			dependencies = (
				89AD4FB9191B723F00E955AC /* PBXTargetDependency */,
			);
			name = 15PuzzleTests;
			productName = 15PuzzleTests;
			productReference = 89AD4FB3191B723F00E955AC /* 15PuzzleTests.xctest */;
			productType = "com.apple.product-type.bundle.unit-test";
		};
/* End PBXNativeTarget section */

/* Begin PBXProject section */
		89AD4F8A191B723F00E955AC /* Project object */ = {
			isa = PBXProject;
			attributes = {
				CLASSPREFIX = FP;
				LastUpgradeCheck = 0510;
				ORGANIZATIONNAME = "Erica Giordo";
				TargetAttributes = {
					89AD4FB2191B723F00E955AC = {
						TestTargetID = 89AD4F91191B723F00E955AC;
					};
				};
			};
			buildConfigurationList = 89AD4F8D191B723F00E955AC /* Build configuration list for PBXProject "15Puzzle" */;
			compatibilityVersion = "Xcode 3.2";
			developmentRegion = English;
			hasScannedForEncodings = 0;
			knownRegions = (
				en,
				Base,
			);
			mainGroup = 89AD4F89191B723F00E955AC;
			productRefGroup = 89AD4F93191B723F00E955AC /* Products */;
			projectDirPath = "";
			projectRoot = "";
			targets = (
				89AD4F91191B723F00E955AC /* 15Puzzle */,
				89AD4FB2191B723F00E955AC /* 15PuzzleTests */,
			);
		};
/* End PBXProject section */

/* Begin PBXResourcesBuildPhase section */
		89AD4F90191B723F00E955AC /* Resources */ = {
			isa = PBXResourcesBuildPhase;
			buildActionMask = 2147483647;
			files = (
				89AD4FAE191B723F00E955AC /* Images.xcassets in Resources */,
				89AD4FA0191B723F00E955AC /* InfoPlist.strings in Resources */,
				89AD4FA9191B723F00E955AC /* Main.storyboard in Resources */,
			);
			runOnlyForDeploymentPostprocessing = 0;
		};
		89AD4FB1191B723F00E955AC /* Resources */ = {
			isa = PBXResourcesBuildPhase;
			buildActionMask = 2147483647;
			files = (
				89AD4FBF191B723F00E955AC /* InfoPlist.strings in Resources */,
			);
			runOnlyForDeploymentPostprocessing = 0;
		};
/* End PBXResourcesBuildPhase section */

/* Begin PBXSourcesBuildPhase section */
		89AD4F8E191B723F00E955AC /* Sources */ = {
			isa = PBXSourcesBuildPhase;
			buildActionMask = 2147483647;
			files = (
				89AD4FA6191B723F00E955AC /* FPAppDelegate.m in Sources */,
				89AD4FA2191B723F00E955AC /* main.m in Sources */,
				07E5E369191D8BDA00B4E821 /* FPTile.m in Sources */,
				07E5E365191D8BB100B4E821 /* FPViewController.m in Sources */,
				89F230A9191D425A00A02D5A /* FPPuzzleIndex.m in Sources */,
			);
			runOnlyForDeploymentPostprocessing = 0;
		};
		89AD4FAF191B723F00E955AC /* Sources */ = {
			isa = PBXSourcesBuildPhase;
			buildActionMask = 2147483647;
			files = (
				89AD4FC1191B723F00E955AC /* _5PuzzleTests.m in Sources */,
			);
			runOnlyForDeploymentPostprocessing = 0;
		};
/* End PBXSourcesBuildPhase section */

/* Begin PBXTargetDependency section */
		89AD4FB9191B723F00E955AC /* PBXTargetDependency */ = {
			isa = PBXTargetDependency;
			target = 89AD4F91191B723F00E955AC /* 15Puzzle */;
			targetProxy = 89AD4FB8191B723F00E955AC /* PBXContainerItemProxy */;
		};
/* End PBXTargetDependency section */

/* Begin PBXVariantGroup section */
		89AD4F9E191B723F00E955AC /* InfoPlist.strings */ = {
			isa = PBXVariantGroup;
			children = (
				89AD4F9F191B723F00E955AC /* en */,
			);
			name = InfoPlist.strings;
			sourceTree = "<group>";
		};
		89AD4FA7191B723F00E955AC /* Main.storyboard */ = {
			isa = PBXVariantGroup;
			children = (
				89AD4FA8191B723F00E955AC /* Base */,
			);
			name = Main.storyboard;
			sourceTree = "<group>";
		};
		89AD4FBD191B723F00E955AC /* InfoPlist.strings */ = {
			isa = PBXVariantGroup;
			children = (
				89AD4FBE191B723F00E955AC /* en */,
			);
			name = InfoPlist.strings;
			sourceTree = "<group>";
		};
/* End PBXVariantGroup section */

/* Begin XCBuildConfiguration section */
		89AD4FC2191B723F00E955AC /* Debug */ = {
			isa = XCBuildConfiguration;
			buildSettings = {
				ALWAYS_SEARCH_USER_PATHS = NO;
				CLANG_CXX_LANGUAGE_STANDARD = "gnu++0x";
				CLANG_CXX_LIBRARY = "libc++";
				CLANG_ENABLE_MODULES = YES;
				CLANG_ENABLE_OBJC_ARC = YES;
				CLANG_WARN_BOOL_CONVERSION = YES;
				CLANG_WARN_CONSTANT_CONVERSION = YES;
				CLANG_WARN_DIRECT_OBJC_ISA_USAGE = YES_ERROR;
				CLANG_WARN_EMPTY_BODY = YES;
				CLANG_WARN_ENUM_CONVERSION = YES;
				CLANG_WARN_INT_CONVERSION = YES;
				CLANG_WARN_OBJC_ROOT_CLASS = YES_ERROR;
				CLANG_WARN__DUPLICATE_METHOD_MATCH = YES;
				"CODE_SIGN_IDENTITY[sdk=iphoneos*]" = "iPhone Developer";
				COPY_PHASE_STRIP = NO;
				GCC_C_LANGUAGE_STANDARD = gnu99;
				GCC_DYNAMIC_NO_PIC = NO;
				GCC_OPTIMIZATION_LEVEL = 0;
				GCC_PREPROCESSOR_DEFINITIONS = (
					"DEBUG=1",
					"$(inherited)",
				);
				GCC_SYMBOLS_PRIVATE_EXTERN = NO;
				GCC_WARN_64_TO_32_BIT_CONVERSION = YES;
				GCC_WARN_ABOUT_RETURN_TYPE = YES_ERROR;
				GCC_WARN_UNDECLARED_SELECTOR = YES;
				GCC_WARN_UNINITIALIZED_AUTOS = YES_AGGRESSIVE;
				GCC_WARN_UNUSED_FUNCTION = YES;
				GCC_WARN_UNUSED_VARIABLE = YES;
				IPHONEOS_DEPLOYMENT_TARGET = 7.1;
				ONLY_ACTIVE_ARCH = YES;
				SDKROOT = iphoneos;
			};
			name = Debug;
		};
		89AD4FC3191B723F00E955AC /* Release */ = {
			isa = XCBuildConfiguration;
			buildSettings = {
				ALWAYS_SEARCH_USER_PATHS = NO;
				CLANG_CXX_LANGUAGE_STANDARD = "gnu++0x";
				CLANG_CXX_LIBRARY = "libc++";
				CLANG_ENABLE_MODULES = YES;
				CLANG_ENABLE_OBJC_ARC = YES;
				CLANG_WARN_BOOL_CONVERSION = YES;
				CLANG_WARN_CONSTANT_CONVERSION = YES;
				CLANG_WARN_DIRECT_OBJC_ISA_USAGE = YES_ERROR;
				CLANG_WARN_EMPTY_BODY = YES;
				CLANG_WARN_ENUM_CONVERSION = YES;
				CLANG_WARN_INT_CONVERSION = YES;
				CLANG_WARN_OBJC_ROOT_CLASS = YES_ERROR;
				CLANG_WARN__DUPLICATE_METHOD_MATCH = YES;
				"CODE_SIGN_IDENTITY[sdk=iphoneos*]" = "iPhone Developer";
				COPY_PHASE_STRIP = YES;
				ENABLE_NS_ASSERTIONS = NO;
				GCC_C_LANGUAGE_STANDARD = gnu99;
				GCC_WARN_64_TO_32_BIT_CONVERSION = YES;
				GCC_WARN_ABOUT_RETURN_TYPE = YES_ERROR;
				GCC_WARN_UNDECLARED_SELECTOR = YES;
				GCC_WARN_UNINITIALIZED_AUTOS = YES_AGGRESSIVE;
				GCC_WARN_UNUSED_FUNCTION = YES;
				GCC_WARN_UNUSED_VARIABLE = YES;
				IPHONEOS_DEPLOYMENT_TARGET = 7.1;
				SDKROOT = iphoneos;
				VALIDATE_PRODUCT = YES;
			};
			name = Release;
		};
		89AD4FC5191B723F00E955AC /* Debug */ = {
			isa = XCBuildConfiguration;
			buildSettings = {
				ASSETCATALOG_COMPILER_APPICON_NAME = AppIcon;
				ASSETCATALOG_COMPILER_LAUNCHIMAGE_NAME = LaunchImage;
				GCC_PRECOMPILE_PREFIX_HEADER = YES;
				GCC_PREFIX_HEADER = "15Puzzle/15Puzzle-Prefix.pch";
				INFOPLIST_FILE = "15Puzzle/15Puzzle-Info.plist";
				PRODUCT_NAME = "$(TARGET_NAME)";
				WRAPPER_EXTENSION = app;
			};
			name = Debug;
		};
		89AD4FC6191B723F00E955AC /* Release */ = {
			isa = XCBuildConfiguration;
			buildSettings = {
				ASSETCATALOG_COMPILER_APPICON_NAME = AppIcon;
				ASSETCATALOG_COMPILER_LAUNCHIMAGE_NAME = LaunchImage;
				GCC_PRECOMPILE_PREFIX_HEADER = YES;
				GCC_PREFIX_HEADER = "15Puzzle/15Puzzle-Prefix.pch";
				INFOPLIST_FILE = "15Puzzle/15Puzzle-Info.plist";
				PRODUCT_NAME = "$(TARGET_NAME)";
				WRAPPER_EXTENSION = app;
			};
			name = Release;
		};
		89AD4FC8191B723F00E955AC /* Debug */ = {
			isa = XCBuildConfiguration;
			buildSettings = {
				BUNDLE_LOADER = "$(BUILT_PRODUCTS_DIR)/15Puzzle.app/15Puzzle";
				FRAMEWORK_SEARCH_PATHS = (
					"$(SDKROOT)/Developer/Library/Frameworks",
					"$(inherited)",
					"$(DEVELOPER_FRAMEWORKS_DIR)",
				);
				GCC_PRECOMPILE_PREFIX_HEADER = YES;
				GCC_PREFIX_HEADER = "15Puzzle/15Puzzle-Prefix.pch";
				GCC_PREPROCESSOR_DEFINITIONS = (
					"DEBUG=1",
					"$(inherited)",
				);
				INFOPLIST_FILE = "15PuzzleTests/15PuzzleTests-Info.plist";
				PRODUCT_NAME = "$(TARGET_NAME)";
				TEST_HOST = "$(BUNDLE_LOADER)";
				WRAPPER_EXTENSION = xctest;
			};
			name = Debug;
		};
		89AD4FC9191B723F00E955AC /* Release */ = {
			isa = XCBuildConfiguration;
			buildSettings = {
				BUNDLE_LOADER = "$(BUILT_PRODUCTS_DIR)/15Puzzle.app/15Puzzle";
				FRAMEWORK_SEARCH_PATHS = (
					"$(SDKROOT)/Developer/Library/Frameworks",
					"$(inherited)",
					"$(DEVELOPER_FRAMEWORKS_DIR)",
				);
				GCC_PRECOMPILE_PREFIX_HEADER = YES;
				GCC_PREFIX_HEADER = "15Puzzle/15Puzzle-Prefix.pch";
				INFOPLIST_FILE = "15PuzzleTests/15PuzzleTests-Info.plist";
				PRODUCT_NAME = "$(TARGET_NAME)";
				TEST_HOST = "$(BUNDLE_LOADER)";
				WRAPPER_EXTENSION = xctest;
			};
			name = Release;
		};
/* End XCBuildConfiguration section */

/* Begin XCConfigurationList section */
		89AD4F8D191B723F00E955AC /* Build configuration list for PBXProject "15Puzzle" */ = {
			isa = XCConfigurationList;
			buildConfigurations = (
				89AD4FC2191B723F00E955AC /* Debug */,
				89AD4FC3191B723F00E955AC /* Release */,
			);
			defaultConfigurationIsVisible = 0;
			defaultConfigurationName = Release;
		};
		89AD4FC4191B723F00E955AC /* Build configuration list for PBXNativeTarget "15Puzzle" */ = {
			isa = XCConfigurationList;
			buildConfigurations = (
				89AD4FC5191B723F00E955AC /* Debug */,
				89AD4FC6191B723F00E955AC /* Release */,
			);
			defaultConfigurationIsVisible = 0;
			defaultConfigurationName = Release;
		};
		89AD4FC7191B723F00E955AC /* Build configuration list for PBXNativeTarget "15PuzzleTests" */ = {
			isa = XCConfigurationList;
			buildConfigurations = (
				89AD4FC8191B723F00E955AC /* Debug */,
				89AD4FC9191B723F00E955AC /* Release */,
			);
			defaultConfigurationIsVisible = 0;
			defaultConfigurationName = Release;
		};
/* End XCConfigurationList section */
	};
	rootObject = 89AD4F8A191B723F00E955AC /* Project object */;
}
